
Microsoft Visual Studio Solution File, Format Version 12.00
# Visual Studio Version 17
VisualStudioVersion = 17.9.34616.47
MinimumVisualStudioVersion = 10.0.40219.1
Project("{9A19103F-16F7-4668-BE54-9A1E7A4F7556}") = "OpenIdAuthServer", "OpenIdAuthServer.csproj", "{2F6D14AA-7A95-4A72-8C8F-9FAB4B5B471C}"
EndProject
Project("{FAE04EC0-301F-11D3-BF4B-00C04F79EFBC}") = "OpenIdAuthTest", "..\OpenIdAuthTest\OpenIdAuthTest.csproj", "{DF45683B-C8ED-4D7C-892D-B8BB4D63DE9E}"
EndProject
Global
	GlobalSection(SolutionConfigurationPlatforms) = preSolution
		Debug|Any CPU = Debug|Any CPU
		Release|Any CPU = Release|Any CPU
	EndGlobalSection
	GlobalSection(ProjectConfigurationPlatforms) = postSolution
		{2F6D14AA-7A95-4A72-8C8F-9FAB4B5B471C}.Debug|Any CPU.ActiveCfg = Debug|Any CPU
		{2F6D14AA-7A95-4A72-8C8F-9FAB4B5B471C}.Debug|Any CPU.Build.0 = Debug|Any CPU
		{2F6D14AA-7A95-4A72-8C8F-9FAB4B5B471C}.Release|Any CPU.ActiveCfg = Release|Any CPU
		{2F6D14AA-7A95-4A72-8C8F-9FAB4B5B471C}.Release|Any CPU.Build.0 = Release|Any CPU
		{DF45683B-C8ED-4D7C-892D-B8BB4D63DE9E}.Debug|Any CPU.ActiveCfg = Debug|Any CPU
		{DF45683B-C8ED-4D7C-892D-B8BB4D63DE9E}.Debug|Any CPU.Build.0 = Debug|Any CPU
		{DF45683B-C8ED-4D7C-892D-B8BB4D63DE9E}.Release|Any CPU.ActiveCfg = Release|Any CPU
		{DF45683B-C8ED-4D7C-892D-B8BB4D63DE9E}.Release|Any CPU.Build.0 = Release|Any CPU
	EndGlobalSection
	GlobalSection(SolutionProperties) = preSolution
		HideSolutionNode = FALSE
	EndGlobalSection
	GlobalSection(ExtensibilityGlobals) = postSolution
		SolutionGuid = {339EAA4D-2A9E-4807-BDEC-2D3EC1D20601}
	EndGlobalSection
EndGlobal
